
Microsoft Visual Studio Solution File, Format Version 12.00
# Visual Studio Version 16
VisualStudioVersion = 16.0.31624.102
MinimumVisualStudioVersion = 10.0.40219.1
Project("{FAE04EC0-301F-11D3-BF4B-00C04F79EFBC}") = "proyecto", "proyecto\proyecto.csproj", "{7145B0C0-4FA6-44E4-B0A3-A1DAC39D5DF9}"
EndProject
Global
	GlobalSection(SolutionConfigurationPlatforms) = preSolution
		Debug|Any CPU = Debug|Any CPU
		Release|Any CPU = Release|Any CPU
	EndGlobalSection
	GlobalSection(ProjectConfigurationPlatforms) = postSolution
		{7145B0C0-4FA6-44E4-B0A3-A1DAC39D5DF9}.Debug|Any CPU.ActiveCfg = Debug|Any CPU
		{7145B0C0-4FA6-44E4-B0A3-A1DAC39D5DF9}.Debug|Any CPU.Build.0 = Debug|Any CPU
		{7145B0C0-4FA6-44E4-B0A3-A1DAC39D5DF9}.Release|Any CPU.ActiveCfg = Release|Any CPU
		{7145B0C0-4FA6-44E4-B0A3-A1DAC39D5DF9}.Release|Any CPU.Build.0 = Release|Any CPU
	EndGlobalSection
	GlobalSection(SolutionProperties) = preSolution
		HideSolutionNode = FALSE
	EndGlobalSection
	GlobalSection(ExtensibilityGlobals) = postSolution
		SolutionGuid = {B2CC9ECC-73EB-4893-A869-BABBD3A4F8F5}
	EndGlobalSection
EndGlobal
